// !$*UTF8*$!
{
	archiveVersion = 1;
	classes = {
	};
	objectVersion = 51;
	objects = {

/* Begin PBXBuildFile section */
		20007B9B25E15E6B00958060 /* SetupView.swift in Sources */ = {isa = PBXBuildFile; fileRef = 20007B9A25E15E6B00958060 /* SetupView.swift */; };
		20CDC54725E1B52500E895C8 /* IconBackgroundView.swift in Sources */ = {isa = PBXBuildFile; fileRef = 20CDC54625E1B52500E895C8 /* IconBackgroundView.swift */; };
		20CDC54925E1C1AB00E895C8 /* SetupViewHeader.swift in Sources */ = {isa = PBXBuildFile; fileRef = 20CDC54825E1C1AB00E895C8 /* SetupViewHeader.swift */; };
		20CDC54B25E1C21C00E895C8 /* SetupViewFooter.swift in Sources */ = {isa = PBXBuildFile; fileRef = 20CDC54A25E1C21C00E895C8 /* SetupViewFooter.swift */; };
		20CDC54D25E1C27E00E895C8 /* SetupViewSignIn.swift in Sources */ = {isa = PBXBuildFile; fileRef = 20CDC54C25E1C27E00E895C8 /* SetupViewSignIn.swift */; };
		20CDC55425E1CC0A00E895C8 /* HomeView.swift in Sources */ = {isa = PBXBuildFile; fileRef = 20CDC55325E1CC0A00E895C8 /* HomeView.swift */; };
		20CDC55725E1D11600E895C8 /* AboutView.swift in Sources */ = {isa = PBXBuildFile; fileRef = 20CDC55625E1D11600E895C8 /* AboutView.swift */; };
		20CDC55A25E1D13600E895C8 /* AboutViewHeader.swift in Sources */ = {isa = PBXBuildFile; fileRef = 20CDC55925E1D13600E895C8 /* AboutViewHeader.swift */; };
		20CDC55C25E1D26700E895C8 /* AboutViewFooter.swift in Sources */ = {isa = PBXBuildFile; fileRef = 20CDC55B25E1D26700E895C8 /* AboutViewFooter.swift */; };
		20CDC55E25E1D3B800E895C8 /* AboutViewFriend.swift in Sources */ = {isa = PBXBuildFile; fileRef = 20CDC55D25E1D3B800E895C8 /* AboutViewFriend.swift */; };
		20F8775825E2D9DA00953E51 /* HomeViewHeader.swift in Sources */ = {isa = PBXBuildFile; fileRef = 20F8775725E2D9DA00953E51 /* HomeViewHeader.swift */; };
		20F8775A25E2DA4300953E51 /* HomeViewToken.swift in Sources */ = {isa = PBXBuildFile; fileRef = 20F8775925E2DA4300953E51 /* HomeViewToken.swift */; };
		20F8775C25E2DA5300953E51 /* HomeViewRefreshToken.swift in Sources */ = {isa = PBXBuildFile; fileRef = 20F8775B25E2DA5300953E51 /* HomeViewRefreshToken.swift */; };
		20F8775F25E2F67800953E51 /* LicenseView.swift in Sources */ = {isa = PBXBuildFile; fileRef = 20F8775E25E2F67800953E51 /* LicenseView.swift */; };
		20F8776125E2F73800953E51 /* LicenseViewEntry.swift in Sources */ = {isa = PBXBuildFile; fileRef = 20F8776025E2F73800953E51 /* LicenseViewEntry.swift */; };
		2CA1BF7335719F000B92F8EF /* Pods_TokenIntents.framework in Frameworks */ = {isa = PBXBuildFile; fileRef = A1ACE59C88990538A18785DF /* Pods_TokenIntents.framework */; };
		EA1A333D272D88A100B66EB0 /* InfoPlist.strings in Resources */ = {isa = PBXBuildFile; fileRef = EA1A3340272D88A100B66EB0 /* InfoPlist.strings */; };
		EA1A333E272D88A100B66EB0 /* InfoPlist.strings in Resources */ = {isa = PBXBuildFile; fileRef = EA1A3340272D88A100B66EB0 /* InfoPlist.strings */; };
		EA1A3343272D8DED00B66EB0 /* Intents.intentdefinition in Sources */ = {isa = PBXBuildFile; fileRef = EA1A3346272D8DED00B66EB0 /* Intents.intentdefinition */; };
		EA1A3344272D8DED00B66EB0 /* Intents.intentdefinition in Sources */ = {isa = PBXBuildFile; fileRef = EA1A3346272D8DED00B66EB0 /* Intents.intentdefinition */; };
		EA1A3364272D999B00B66EB0 /* AuthAppForTeslaUITests.swift in Sources */ = {isa = PBXBuildFile; fileRef = EA1A3363272D999B00B66EB0 /* AuthAppForTeslaUITests.swift */; };
		EA1A3366272D999B00B66EB0 /* AuthAppForTeslaUITestsLaunchTests.swift in Sources */ = {isa = PBXBuildFile; fileRef = EA1A3365272D999B00B66EB0 /* AuthAppForTeslaUITestsLaunchTests.swift */; };
		EA1A336C272D99D200B66EB0 /* SnapshotHelper.swift in Sources */ = {isa = PBXBuildFile; fileRef = EA1A334B272D985B00B66EB0 /* SnapshotHelper.swift */; };
		EA30D58A26092DB800B21DE1 /* RefreshTokensIntentHandler.swift in Sources */ = {isa = PBXBuildFile; fileRef = EA30D58926092DB800B21DE1 /* RefreshTokensIntentHandler.swift */; };
		EA63697225CAB11D000216BF /* AuthAppForTeslaApp.swift in Sources */ = {isa = PBXBuildFile; fileRef = EA63697125CAB11D000216BF /* AuthAppForTeslaApp.swift */; };
		EA63697425CAB11D000216BF /* ContentView.swift in Sources */ = {isa = PBXBuildFile; fileRef = EA63697325CAB11D000216BF /* ContentView.swift */; };
		EA63697625CAB11D000216BF /* Assets.xcassets in Resources */ = {isa = PBXBuildFile; fileRef = EA63697525CAB11D000216BF /* Assets.xcassets */; };
		EA63697925CAB11D000216BF /* Preview Assets.xcassets in Resources */ = {isa = PBXBuildFile; fileRef = EA63697825CAB11D000216BF /* Preview Assets.xcassets */; };
		EA63698925CAB3EF000216BF /* AuthWebViewController.swift in Sources */ = {isa = PBXBuildFile; fileRef = EA63698825CAB3EF000216BF /* AuthWebViewController.swift */; };
		EA63698C25CAB620000216BF /* Consts.swift in Sources */ = {isa = PBXBuildFile; fileRef = EA63698B25CAB620000216BF /* Consts.swift */; };
		EA63698F25CAB660000216BF /* Util.swift in Sources */ = {isa = PBXBuildFile; fileRef = EA63698E25CAB660000216BF /* Util.swift */; };
		EA63699225CAB6A8000216BF /* Models.swift in Sources */ = {isa = PBXBuildFile; fileRef = EA63699125CAB6A8000216BF /* Models.swift */; };
		EA63699E25CABA68000216BF /* KeychainItemAccessibility.swift in Sources */ = {isa = PBXBuildFile; fileRef = EA63699C25CABA68000216BF /* KeychainItemAccessibility.swift */; };
		EA63699F25CABA68000216BF /* KeychainWrapper.swift in Sources */ = {isa = PBXBuildFile; fileRef = EA63699D25CABA68000216BF /* KeychainWrapper.swift */; };
		EA6369A725CAD79D000216BF /* AuthViewModel.swift in Sources */ = {isa = PBXBuildFile; fileRef = EA6369A625CAD79D000216BF /* AuthViewModel.swift */; };
		EA6D588625DDA02A007EC2B7 /* ViewControllerBridge.swift in Sources */ = {isa = PBXBuildFile; fileRef = EA6D588525DDA02A007EC2B7 /* ViewControllerBridge.swift */; };
		EA8B560727041EF30000C325 /* GetOwnersAccessTokenIntentHandler.swift in Sources */ = {isa = PBXBuildFile; fileRef = EA8B560627041EF30000C325 /* GetOwnersAccessTokenIntentHandler.swift */; };
		EA9EA83325DA89EF002FE23E /* Intents.framework in Frameworks */ = {isa = PBXBuildFile; fileRef = EA9EA83225DA89EF002FE23E /* Intents.framework */; };
		EA9EA83625DA89EF002FE23E /* IntentHandler.swift in Sources */ = {isa = PBXBuildFile; fileRef = EA9EA83525DA89EF002FE23E /* IntentHandler.swift */; };
		EA9EA83A25DA89EF002FE23E /* TokenIntents.appex in Embed App Extensions */ = {isa = PBXBuildFile; fileRef = EA9EA83125DA89EF002FE23E /* TokenIntents.appex */; settings = {ATTRIBUTES = (RemoveHeadersOnCopy, ); }; };
		EA9EA84B25DA8B1B002FE23E /* GetAccessTokenIntentHandler.swift in Sources */ = {isa = PBXBuildFile; fileRef = EA9EA84A25DA8B1B002FE23E /* GetAccessTokenIntentHandler.swift */; };
		EA9EA85825DA8F8B002FE23E /* AuthViewModel.swift in Sources */ = {isa = PBXBuildFile; fileRef = EA6369A625CAD79D000216BF /* AuthViewModel.swift */; };
		EA9EA86225DA9022002FE23E /* Models.swift in Sources */ = {isa = PBXBuildFile; fileRef = EA63699125CAB6A8000216BF /* Models.swift */; };
		EA9EA86525DA9038002FE23E /* KeychainWrapper.swift in Sources */ = {isa = PBXBuildFile; fileRef = EA63699D25CABA68000216BF /* KeychainWrapper.swift */; };
		EA9EA86625DA9038002FE23E /* KeychainItemAccessibility.swift in Sources */ = {isa = PBXBuildFile; fileRef = EA63699C25CABA68000216BF /* KeychainItemAccessibility.swift */; };
		EA9EA86925DA9044002FE23E /* Consts.swift in Sources */ = {isa = PBXBuildFile; fileRef = EA63698B25CAB620000216BF /* Consts.swift */; };
		EA9EA86A25DA9044002FE23E /* Util.swift in Sources */ = {isa = PBXBuildFile; fileRef = EA63698E25CAB660000216BF /* Util.swift */; };
		EA9EA87025DAAF24002FE23E /* AuthController.swift in Sources */ = {isa = PBXBuildFile; fileRef = EA9EA86D25DAAAA6002FE23E /* AuthController.swift */; };
		EA9EA87325DAAF25002FE23E /* AuthController.swift in Sources */ = {isa = PBXBuildFile; fileRef = EA9EA86D25DAAAA6002FE23E /* AuthController.swift */; };
		EA9EA87925DAB42A002FE23E /* Assets.xcassets in Resources */ = {isa = PBXBuildFile; fileRef = EA63697525CAB11D000216BF /* Assets.xcassets */; };
		EA9EA88825DAB808002FE23E /* GetRefreshTokenIntentHandler.swift in Sources */ = {isa = PBXBuildFile; fileRef = EA9EA88725DAB808002FE23E /* GetRefreshTokenIntentHandler.swift */; };
		FEFDE3CBF424AD0B182E9D6E /* Pods_AuthAppForTesla.framework in Frameworks */ = {isa = PBXBuildFile; fileRef = 45769FA58A6F7E602DA51A7E /* Pods_AuthAppForTesla.framework */; };
/* End PBXBuildFile section */

/* Begin PBXContainerItemProxy section */
		EA1A3367272D999B00B66EB0 /* PBXContainerItemProxy */ = {
			isa = PBXContainerItemProxy;
			containerPortal = EA63696625CAB11D000216BF /* Project object */;
			proxyType = 1;
			remoteGlobalIDString = EA63696D25CAB11D000216BF;
			remoteInfo = AuthAppForTesla;
		};
		EA9EA83825DA89EF002FE23E /* PBXContainerItemProxy */ = {
			isa = PBXContainerItemProxy;
			containerPortal = EA63696625CAB11D000216BF /* Project object */;
			proxyType = 1;
			remoteGlobalIDString = EA9EA83025DA89EF002FE23E;
			remoteInfo = TokenIntents;
		};
/* End PBXContainerItemProxy section */

/* Begin PBXCopyFilesBuildPhase section */
		EA9EA83B25DA89EF002FE23E /* Embed App Extensions */ = {
			isa = PBXCopyFilesBuildPhase;
			buildActionMask = 2147483647;
			dstPath = "";
			dstSubfolderSpec = 13;
			files = (
				EA9EA83A25DA89EF002FE23E /* TokenIntents.appex in Embed App Extensions */,
			);
			name = "Embed App Extensions";
			runOnlyForDeploymentPostprocessing = 0;
		};
/* End PBXCopyFilesBuildPhase section */

/* Begin PBXFileReference section */
		183181C9830E9DD876915C1B /* Pods-AuthAppForTesla.release.xcconfig */ = {isa = PBXFileReference; includeInIndex = 1; lastKnownFileType = text.xcconfig; name = "Pods-AuthAppForTesla.release.xcconfig"; path = "Target Support Files/Pods-AuthAppForTesla/Pods-AuthAppForTesla.release.xcconfig"; sourceTree = "<group>"; };
		20007B9A25E15E6B00958060 /* SetupView.swift */ = {isa = PBXFileReference; lastKnownFileType = sourcecode.swift; path = SetupView.swift; sourceTree = "<group>"; };
		20CDC54625E1B52500E895C8 /* IconBackgroundView.swift */ = {isa = PBXFileReference; lastKnownFileType = sourcecode.swift; path = IconBackgroundView.swift; sourceTree = "<group>"; };
		20CDC54825E1C1AB00E895C8 /* SetupViewHeader.swift */ = {isa = PBXFileReference; lastKnownFileType = sourcecode.swift; path = SetupViewHeader.swift; sourceTree = "<group>"; };
		20CDC54A25E1C21C00E895C8 /* SetupViewFooter.swift */ = {isa = PBXFileReference; lastKnownFileType = sourcecode.swift; path = SetupViewFooter.swift; sourceTree = "<group>"; };
		20CDC54C25E1C27E00E895C8 /* SetupViewSignIn.swift */ = {isa = PBXFileReference; lastKnownFileType = sourcecode.swift; path = SetupViewSignIn.swift; sourceTree = "<group>"; };
		20CDC55325E1CC0A00E895C8 /* HomeView.swift */ = {isa = PBXFileReference; lastKnownFileType = sourcecode.swift; path = HomeView.swift; sourceTree = "<group>"; };
		20CDC55625E1D11600E895C8 /* AboutView.swift */ = {isa = PBXFileReference; lastKnownFileType = sourcecode.swift; path = AboutView.swift; sourceTree = "<group>"; };
		20CDC55925E1D13600E895C8 /* AboutViewHeader.swift */ = {isa = PBXFileReference; lastKnownFileType = sourcecode.swift; path = AboutViewHeader.swift; sourceTree = "<group>"; };
		20CDC55B25E1D26700E895C8 /* AboutViewFooter.swift */ = {isa = PBXFileReference; lastKnownFileType = sourcecode.swift; path = AboutViewFooter.swift; sourceTree = "<group>"; };
		20CDC55D25E1D3B800E895C8 /* AboutViewFriend.swift */ = {isa = PBXFileReference; lastKnownFileType = sourcecode.swift; path = AboutViewFriend.swift; sourceTree = "<group>"; };
		20F8775725E2D9DA00953E51 /* HomeViewHeader.swift */ = {isa = PBXFileReference; lastKnownFileType = sourcecode.swift; path = HomeViewHeader.swift; sourceTree = "<group>"; };
		20F8775925E2DA4300953E51 /* HomeViewToken.swift */ = {isa = PBXFileReference; lastKnownFileType = sourcecode.swift; path = HomeViewToken.swift; sourceTree = "<group>"; };
		20F8775B25E2DA5300953E51 /* HomeViewRefreshToken.swift */ = {isa = PBXFileReference; lastKnownFileType = sourcecode.swift; path = HomeViewRefreshToken.swift; sourceTree = "<group>"; };
		20F8775E25E2F67800953E51 /* LicenseView.swift */ = {isa = PBXFileReference; lastKnownFileType = sourcecode.swift; path = LicenseView.swift; sourceTree = "<group>"; };
		20F8776025E2F73800953E51 /* LicenseViewEntry.swift */ = {isa = PBXFileReference; lastKnownFileType = sourcecode.swift; path = LicenseViewEntry.swift; sourceTree = "<group>"; };
		45769FA58A6F7E602DA51A7E /* Pods_AuthAppForTesla.framework */ = {isa = PBXFileReference; explicitFileType = wrapper.framework; includeInIndex = 0; path = Pods_AuthAppForTesla.framework; sourceTree = BUILT_PRODUCTS_DIR; };
		77149D1A1E06D0C37B8DC9E7 /* Pods-AuthAppForTesla.debug.xcconfig */ = {isa = PBXFileReference; includeInIndex = 1; lastKnownFileType = text.xcconfig; name = "Pods-AuthAppForTesla.debug.xcconfig"; path = "Target Support Files/Pods-AuthAppForTesla/Pods-AuthAppForTesla.debug.xcconfig"; sourceTree = "<group>"; };
		A1ACE59C88990538A18785DF /* Pods_TokenIntents.framework */ = {isa = PBXFileReference; explicitFileType = wrapper.framework; includeInIndex = 0; path = Pods_TokenIntents.framework; sourceTree = BUILT_PRODUCTS_DIR; };
		B6BD1E65FD59B4291829C916 /* Pods-TokenIntents.release.xcconfig */ = {isa = PBXFileReference; includeInIndex = 1; lastKnownFileType = text.xcconfig; name = "Pods-TokenIntents.release.xcconfig"; path = "Target Support Files/Pods-TokenIntents/Pods-TokenIntents.release.xcconfig"; sourceTree = "<group>"; };
		EA1A333F272D88A100B66EB0 /* en */ = {isa = PBXFileReference; lastKnownFileType = text.plist.strings; name = en; path = en.lproj/InfoPlist.strings; sourceTree = "<group>"; };
		EA1A3345272D8DED00B66EB0 /* Base */ = {isa = PBXFileReference; lastKnownFileType = file.intentdefinition; name = Base; path = Base.lproj/Intents.intentdefinition; sourceTree = "<group>"; };
		EA1A334B272D985B00B66EB0 /* SnapshotHelper.swift */ = {isa = PBXFileReference; fileEncoding = 4; lastKnownFileType = sourcecode.swift; path = SnapshotHelper.swift; sourceTree = "<group>"; };
		EA1A334D272D988500B66EB0 /* Snapfile */ = {isa = PBXFileReference; lastKnownFileType = text; path = Snapfile; sourceTree = "<group>"; };
		EA1A3361272D999B00B66EB0 /* AuthAppForTeslaUITests.xctest */ = {isa = PBXFileReference; explicitFileType = wrapper.cfbundle; includeInIndex = 0; path = AuthAppForTeslaUITests.xctest; sourceTree = BUILT_PRODUCTS_DIR; };
		EA1A3363272D999B00B66EB0 /* AuthAppForTeslaUITests.swift */ = {isa = PBXFileReference; lastKnownFileType = sourcecode.swift; path = AuthAppForTeslaUITests.swift; sourceTree = "<group>"; };
		EA1A3365272D999B00B66EB0 /* AuthAppForTeslaUITestsLaunchTests.swift */ = {isa = PBXFileReference; lastKnownFileType = sourcecode.swift; path = AuthAppForTeslaUITestsLaunchTests.swift; sourceTree = "<group>"; };
		EA30D58926092DB800B21DE1 /* RefreshTokensIntentHandler.swift */ = {isa = PBXFileReference; lastKnownFileType = sourcecode.swift; path = RefreshTokensIntentHandler.swift; sourceTree = "<group>"; };
		EA63696E25CAB11D000216BF /* AuthAppForTesla.app */ = {isa = PBXFileReference; explicitFileType = wrapper.application; includeInIndex = 0; path = AuthAppForTesla.app; sourceTree = BUILT_PRODUCTS_DIR; };
		EA63697125CAB11D000216BF /* AuthAppForTeslaApp.swift */ = {isa = PBXFileReference; lastKnownFileType = sourcecode.swift; path = AuthAppForTeslaApp.swift; sourceTree = "<group>"; };
		EA63697325CAB11D000216BF /* ContentView.swift */ = {isa = PBXFileReference; lastKnownFileType = sourcecode.swift; path = ContentView.swift; sourceTree = "<group>"; };
		EA63697525CAB11D000216BF /* Assets.xcassets */ = {isa = PBXFileReference; lastKnownFileType = folder.assetcatalog; path = Assets.xcassets; sourceTree = "<group>"; };
		EA63697825CAB11D000216BF /* Preview Assets.xcassets */ = {isa = PBXFileReference; lastKnownFileType = folder.assetcatalog; path = "Preview Assets.xcassets"; sourceTree = "<group>"; };
		EA63697A25CAB11D000216BF /* Info.plist */ = {isa = PBXFileReference; lastKnownFileType = text.plist.xml; path = Info.plist; sourceTree = "<group>"; };
		EA63698825CAB3EF000216BF /* AuthWebViewController.swift */ = {isa = PBXFileReference; lastKnownFileType = sourcecode.swift; path = AuthWebViewController.swift; sourceTree = "<group>"; };
		EA63698B25CAB620000216BF /* Consts.swift */ = {isa = PBXFileReference; lastKnownFileType = sourcecode.swift; path = Consts.swift; sourceTree = "<group>"; };
		EA63698E25CAB660000216BF /* Util.swift */ = {isa = PBXFileReference; lastKnownFileType = sourcecode.swift; path = Util.swift; sourceTree = "<group>"; };
		EA63699125CAB6A8000216BF /* Models.swift */ = {isa = PBXFileReference; lastKnownFileType = sourcecode.swift; path = Models.swift; sourceTree = "<group>"; };
		EA63699B25CABA68000216BF /* SwiftKeychainWrapper.h */ = {isa = PBXFileReference; fileEncoding = 4; lastKnownFileType = sourcecode.c.h; path = SwiftKeychainWrapper.h; sourceTree = "<group>"; };
		EA63699C25CABA68000216BF /* KeychainItemAccessibility.swift */ = {isa = PBXFileReference; fileEncoding = 4; lastKnownFileType = sourcecode.swift; path = KeychainItemAccessibility.swift; sourceTree = "<group>"; };
		EA63699D25CABA68000216BF /* KeychainWrapper.swift */ = {isa = PBXFileReference; fileEncoding = 4; lastKnownFileType = sourcecode.swift; path = KeychainWrapper.swift; sourceTree = "<group>"; };
		EA6369A625CAD79D000216BF /* AuthViewModel.swift */ = {isa = PBXFileReference; lastKnownFileType = sourcecode.swift; path = AuthViewModel.swift; sourceTree = "<group>"; };
		EA6D588525DDA02A007EC2B7 /* ViewControllerBridge.swift */ = {isa = PBXFileReference; lastKnownFileType = sourcecode.swift; path = ViewControllerBridge.swift; sourceTree = "<group>"; };
		EA8B560627041EF30000C325 /* GetOwnersAccessTokenIntentHandler.swift */ = {isa = PBXFileReference; lastKnownFileType = sourcecode.swift; path = GetOwnersAccessTokenIntentHandler.swift; sourceTree = "<group>"; };
		EA9EA7F725DA7E13002FE23E /* AuthAppForTesla.entitlements */ = {isa = PBXFileReference; lastKnownFileType = text.plist.entitlements; path = AuthAppForTesla.entitlements; sourceTree = "<group>"; };
		EA9EA83125DA89EF002FE23E /* TokenIntents.appex */ = {isa = PBXFileReference; explicitFileType = "wrapper.app-extension"; includeInIndex = 0; path = TokenIntents.appex; sourceTree = BUILT_PRODUCTS_DIR; };
		EA9EA83225DA89EF002FE23E /* Intents.framework */ = {isa = PBXFileReference; lastKnownFileType = wrapper.framework; name = Intents.framework; path = System/Library/Frameworks/Intents.framework; sourceTree = SDKROOT; };
		EA9EA83525DA89EF002FE23E /* IntentHandler.swift */ = {isa = PBXFileReference; lastKnownFileType = sourcecode.swift; path = IntentHandler.swift; sourceTree = "<group>"; };
		EA9EA83725DA89EF002FE23E /* Info.plist */ = {isa = PBXFileReference; lastKnownFileType = text.plist.xml; path = Info.plist; sourceTree = "<group>"; };
		EA9EA84A25DA8B1B002FE23E /* GetAccessTokenIntentHandler.swift */ = {isa = PBXFileReference; lastKnownFileType = sourcecode.swift; path = GetAccessTokenIntentHandler.swift; sourceTree = "<group>"; };
		EA9EA86D25DAAAA6002FE23E /* AuthController.swift */ = {isa = PBXFileReference; lastKnownFileType = sourcecode.swift; path = AuthController.swift; sourceTree = "<group>"; };
		EA9EA87625DAB3B0002FE23E /* TokenIntents.entitlements */ = {isa = PBXFileReference; lastKnownFileType = text.plist.entitlements; path = TokenIntents.entitlements; sourceTree = "<group>"; };
		EA9EA88725DAB808002FE23E /* GetRefreshTokenIntentHandler.swift */ = {isa = PBXFileReference; lastKnownFileType = sourcecode.swift; path = GetRefreshTokenIntentHandler.swift; sourceTree = "<group>"; };
		EAFF01A6273466F200BB0AB4 /* title.strings */ = {isa = PBXFileReference; lastKnownFileType = text.plist.strings; name = title.strings; path = Screenshots/title.strings; sourceTree = "<group>"; };
		EAFF01A72734670800BB0AB4 /* keyword.strings */ = {isa = PBXFileReference; lastKnownFileType = text.plist.strings; name = keyword.strings; path = Screenshots/keyword.strings; sourceTree = "<group>"; };
		F2C93B02C29A2E49A50DBB5A /* Pods-TokenIntents.debug.xcconfig */ = {isa = PBXFileReference; includeInIndex = 1; lastKnownFileType = text.xcconfig; name = "Pods-TokenIntents.debug.xcconfig"; path = "Target Support Files/Pods-TokenIntents/Pods-TokenIntents.debug.xcconfig"; sourceTree = "<group>"; };
/* End PBXFileReference section */

/* Begin PBXFrameworksBuildPhase section */
		EA1A335E272D999B00B66EB0 /* Frameworks */ = {
			isa = PBXFrameworksBuildPhase;
			buildActionMask = 2147483647;
			files = (
			);
			runOnlyForDeploymentPostprocessing = 0;
		};
		EA63696B25CAB11D000216BF /* Frameworks */ = {
			isa = PBXFrameworksBuildPhase;
			buildActionMask = 2147483647;
			files = (
				FEFDE3CBF424AD0B182E9D6E /* Pods_AuthAppForTesla.framework in Frameworks */,
			);
			runOnlyForDeploymentPostprocessing = 0;
		};
		EA9EA82E25DA89EF002FE23E /* Frameworks */ = {
			isa = PBXFrameworksBuildPhase;
			buildActionMask = 2147483647;
			files = (
				EA9EA83325DA89EF002FE23E /* Intents.framework in Frameworks */,
				2CA1BF7335719F000B92F8EF /* Pods_TokenIntents.framework in Frameworks */,
			);
			runOnlyForDeploymentPostprocessing = 0;
		};
/* End PBXFrameworksBuildPhase section */

/* Begin PBXGroup section */
		003A0F6CF2DBC27EAD7A2DB1 /* Frameworks */ = {
			isa = PBXGroup;
			children = (
				45769FA58A6F7E602DA51A7E /* Pods_AuthAppForTesla.framework */,
				EA9EA83225DA89EF002FE23E /* Intents.framework */,
				A1ACE59C88990538A18785DF /* Pods_TokenIntents.framework */,
			);
			name = Frameworks;
			sourceTree = "<group>";
		};
		20007B9925E15E3800958060 /* View */ = {
			isa = PBXGroup;
			children = (
				20F8775D25E2F54000953E51 /* License */,
				20CDC55825E1D12D00E895C8 /* About */,
				20CDC55525E1CC0F00E895C8 /* Home */,
				20CDC54525E1B49300E895C8 /* Shared */,
				20007B9C25E15E6E00958060 /* Setup */,
				20CDC55325E1CC0A00E895C8 /* HomeView.swift */,
				20007B9A25E15E6B00958060 /* SetupView.swift */,
				20CDC55625E1D11600E895C8 /* AboutView.swift */,
				20F8775E25E2F67800953E51 /* LicenseView.swift */,
			);
			path = View;
			sourceTree = "<group>";
		};
		20007B9C25E15E6E00958060 /* Setup */ = {
			isa = PBXGroup;
			children = (
				20CDC54825E1C1AB00E895C8 /* SetupViewHeader.swift */,
				20CDC54A25E1C21C00E895C8 /* SetupViewFooter.swift */,
				20CDC54C25E1C27E00E895C8 /* SetupViewSignIn.swift */,
			);
			path = Setup;
			sourceTree = "<group>";
		};
		20CDC54525E1B49300E895C8 /* Shared */ = {
			isa = PBXGroup;
			children = (
				20CDC54625E1B52500E895C8 /* IconBackgroundView.swift */,
			);
			path = Shared;
			sourceTree = "<group>";
		};
		20CDC55525E1CC0F00E895C8 /* Home */ = {
			isa = PBXGroup;
			children = (
				20F8775725E2D9DA00953E51 /* HomeViewHeader.swift */,
				20F8775925E2DA4300953E51 /* HomeViewToken.swift */,
				20F8775B25E2DA5300953E51 /* HomeViewRefreshToken.swift */,
			);
			path = Home;
			sourceTree = "<group>";
		};
		20CDC55825E1D12D00E895C8 /* About */ = {
			isa = PBXGroup;
			children = (
				20CDC55925E1D13600E895C8 /* AboutViewHeader.swift */,
				20CDC55B25E1D26700E895C8 /* AboutViewFooter.swift */,
				20CDC55D25E1D3B800E895C8 /* AboutViewFriend.swift */,
			);
			path = About;
			sourceTree = "<group>";
		};
		20F8775D25E2F54000953E51 /* License */ = {
			isa = PBXGroup;
			children = (
				20F8776025E2F73800953E51 /* LicenseViewEntry.swift */,
			);
			path = License;
			sourceTree = "<group>";
		};
		BE65635A7F9DC1BA543408A5 /* Pods */ = {
			isa = PBXGroup;
			children = (
				77149D1A1E06D0C37B8DC9E7 /* Pods-AuthAppForTesla.debug.xcconfig */,
				183181C9830E9DD876915C1B /* Pods-AuthAppForTesla.release.xcconfig */,
				F2C93B02C29A2E49A50DBB5A /* Pods-TokenIntents.debug.xcconfig */,
				B6BD1E65FD59B4291829C916 /* Pods-TokenIntents.release.xcconfig */,
			);
			path = Pods;
			sourceTree = "<group>";
		};
		EA1A3362272D999B00B66EB0 /* AuthAppForTeslaUITests */ = {
			isa = PBXGroup;
			children = (
				EA1A334B272D985B00B66EB0 /* SnapshotHelper.swift */,
				EA1A3363272D999B00B66EB0 /* AuthAppForTeslaUITests.swift */,
				EA1A3365272D999B00B66EB0 /* AuthAppForTeslaUITestsLaunchTests.swift */,
			);
			path = AuthAppForTeslaUITests;
			sourceTree = "<group>";
		};
		EA63696525CAB11D000216BF = {
			isa = PBXGroup;
			children = (
				EAFF01A5273466E300BB0AB4 /* Screenshots */,
				EA1A334D272D988500B66EB0 /* Snapfile */,
				EA1A3340272D88A100B66EB0 /* InfoPlist.strings */,
				EA1A3346272D8DED00B66EB0 /* Intents.intentdefinition */,
				EA63697025CAB11D000216BF /* AuthAppForTesla */,
				EA9EA83425DA89EF002FE23E /* TokenIntents */,
				EA1A3362272D999B00B66EB0 /* AuthAppForTeslaUITests */,
				EA63696F25CAB11D000216BF /* Products */,
				BE65635A7F9DC1BA543408A5 /* Pods */,
				003A0F6CF2DBC27EAD7A2DB1 /* Frameworks */,
			);
			sourceTree = "<group>";
		};
		EA63696F25CAB11D000216BF /* Products */ = {
			isa = PBXGroup;
			children = (
				EA63696E25CAB11D000216BF /* AuthAppForTesla.app */,
				EA9EA83125DA89EF002FE23E /* TokenIntents.appex */,
				EA1A3361272D999B00B66EB0 /* AuthAppForTeslaUITests.xctest */,
			);
			name = Products;
			sourceTree = "<group>";
		};
		EA63697025CAB11D000216BF /* AuthAppForTesla */ = {
			isa = PBXGroup;
			children = (
				20007B9925E15E3800958060 /* View */,
				EA9EA7F725DA7E13002FE23E /* AuthAppForTesla.entitlements */,
				EA63699C25CABA68000216BF /* KeychainItemAccessibility.swift */,
				EA63699D25CABA68000216BF /* KeychainWrapper.swift */,
				EA63699B25CABA68000216BF /* SwiftKeychainWrapper.h */,
				EA63697125CAB11D000216BF /* AuthAppForTeslaApp.swift */,
				EA63697325CAB11D000216BF /* ContentView.swift */,
				EA63697525CAB11D000216BF /* Assets.xcassets */,
				EA63697A25CAB11D000216BF /* Info.plist */,
				EA63697725CAB11D000216BF /* Preview Content */,
				EA63698825CAB3EF000216BF /* AuthWebViewController.swift */,
				EA63698B25CAB620000216BF /* Consts.swift */,
				EA63698E25CAB660000216BF /* Util.swift */,
				EA63699125CAB6A8000216BF /* Models.swift */,
				EA6369A625CAD79D000216BF /* AuthViewModel.swift */,
				EA9EA86D25DAAAA6002FE23E /* AuthController.swift */,
				EA6D588525DDA02A007EC2B7 /* ViewControllerBridge.swift */,
			);
			path = AuthAppForTesla;
			sourceTree = "<group>";
		};
		EA63697725CAB11D000216BF /* Preview Content */ = {
			isa = PBXGroup;
			children = (
				EA63697825CAB11D000216BF /* Preview Assets.xcassets */,
			);
			path = "Preview Content";
			sourceTree = "<group>";
		};
		EA9EA83425DA89EF002FE23E /* TokenIntents */ = {
			isa = PBXGroup;
			children = (
				EA9EA87625DAB3B0002FE23E /* TokenIntents.entitlements */,
				EA9EA83525DA89EF002FE23E /* IntentHandler.swift */,
				EA9EA83725DA89EF002FE23E /* Info.plist */,
				EA9EA88725DAB808002FE23E /* GetRefreshTokenIntentHandler.swift */,
				EA30D58926092DB800B21DE1 /* RefreshTokensIntentHandler.swift */,
				EA8B560627041EF30000C325 /* GetOwnersAccessTokenIntentHandler.swift */,
				EA9EA84A25DA8B1B002FE23E /* GetAccessTokenIntentHandler.swift */,
			);
			path = TokenIntents;
			sourceTree = "<group>";
		};
		EAFF01A5273466E300BB0AB4 /* Screenshots */ = {
			isa = PBXGroup;
			children = (
				EAFF01A72734670800BB0AB4 /* keyword.strings */,
				EAFF01A6273466F200BB0AB4 /* title.strings */,
			);
			name = Screenshots;
			sourceTree = "<group>";
		};
/* End PBXGroup section */

/* Begin PBXNativeTarget section */
		EA1A3360272D999B00B66EB0 /* AuthAppForTeslaUITests */ = {
			isa = PBXNativeTarget;
			buildConfigurationList = EA1A3369272D999B00B66EB0 /* Build configuration list for PBXNativeTarget "AuthAppForTeslaUITests" */;
			buildPhases = (
				EA1A335D272D999B00B66EB0 /* Sources */,
				EA1A335E272D999B00B66EB0 /* Frameworks */,
				EA1A335F272D999B00B66EB0 /* Resources */,
			);
			buildRules = (
			);
			dependencies = (
				EA1A3368272D999B00B66EB0 /* PBXTargetDependency */,
			);
			name = AuthAppForTeslaUITests;
			productName = AuthAppForTeslaUITests;
			productReference = EA1A3361272D999B00B66EB0 /* AuthAppForTeslaUITests.xctest */;
			productType = "com.apple.product-type.bundle.ui-testing";
		};
		EA63696D25CAB11D000216BF /* AuthAppForTesla */ = {
			isa = PBXNativeTarget;
			buildConfigurationList = EA63697D25CAB11D000216BF /* Build configuration list for PBXNativeTarget "AuthAppForTesla" */;
			buildPhases = (
				0F231276C7E19C598F8EFED8 /* [CP] Check Pods Manifest.lock */,
				EA63696A25CAB11D000216BF /* Sources */,
				EA63696B25CAB11D000216BF /* Frameworks */,
				EA63696C25CAB11D000216BF /* Resources */,
				0DA79864DC80E2D7C6CC547D /* [CP] Embed Pods Frameworks */,
				EA9EA83B25DA89EF002FE23E /* Embed App Extensions */,
			);
			buildRules = (
			);
			dependencies = (
				EA9EA83925DA89EF002FE23E /* PBXTargetDependency */,
			);
			name = AuthAppForTesla;
			productName = AuthAppForTesla;
			productReference = EA63696E25CAB11D000216BF /* AuthAppForTesla.app */;
			productType = "com.apple.product-type.application";
		};
		EA9EA83025DA89EF002FE23E /* TokenIntents */ = {
			isa = PBXNativeTarget;
			buildConfigurationList = EA9EA83E25DA89EF002FE23E /* Build configuration list for PBXNativeTarget "TokenIntents" */;
			buildPhases = (
				C421C267E72686515F5B3853 /* [CP] Check Pods Manifest.lock */,
				EA9EA82D25DA89EF002FE23E /* Sources */,
				EA9EA82E25DA89EF002FE23E /* Frameworks */,
				EA9EA82F25DA89EF002FE23E /* Resources */,
			);
			buildRules = (
			);
			dependencies = (
			);
			name = TokenIntents;
			productName = TokenIntents;
			productReference = EA9EA83125DA89EF002FE23E /* TokenIntents.appex */;
			productType = "com.apple.product-type.app-extension";
		};
/* End PBXNativeTarget section */

/* Begin PBXProject section */
		EA63696625CAB11D000216BF /* Project object */ = {
			isa = PBXProject;
			attributes = {
				LastSwiftUpdateCheck = 1310;
				LastUpgradeCheck = 1240;
				TargetAttributes = {
					EA1A3360272D999B00B66EB0 = {
						CreatedOnToolsVersion = 13.1;
						TestTargetID = EA63696D25CAB11D000216BF;
					};
					EA63696D25CAB11D000216BF = {
						CreatedOnToolsVersion = 12.4;
					};
					EA9EA83025DA89EF002FE23E = {
						CreatedOnToolsVersion = 12.4;
					};
				};
			};
			buildConfigurationList = EA63696925CAB11D000216BF /* Build configuration list for PBXProject "AuthAppForTesla" */;
			compatibilityVersion = "Xcode 9.3";
			developmentRegion = en;
			hasScannedForEncodings = 0;
			knownRegions = (
				en,
				Base,
			);
			mainGroup = EA63696525CAB11D000216BF;
			productRefGroup = EA63696F25CAB11D000216BF /* Products */;
			projectDirPath = "";
			projectRoot = "";
			targets = (
				EA63696D25CAB11D000216BF /* AuthAppForTesla */,
				EA9EA83025DA89EF002FE23E /* TokenIntents */,
				EA1A3360272D999B00B66EB0 /* AuthAppForTeslaUITests */,
			);
		};
/* End PBXProject section */

/* Begin PBXResourcesBuildPhase section */
		EA1A335F272D999B00B66EB0 /* Resources */ = {
			isa = PBXResourcesBuildPhase;
			buildActionMask = 2147483647;
			files = (
			);
			runOnlyForDeploymentPostprocessing = 0;
		};
		EA63696C25CAB11D000216BF /* Resources */ = {
			isa = PBXResourcesBuildPhase;
			buildActionMask = 2147483647;
			files = (
				EA63697925CAB11D000216BF /* Preview Assets.xcassets in Resources */,
				EA1A333D272D88A100B66EB0 /* InfoPlist.strings in Resources */,
				EA63697625CAB11D000216BF /* Assets.xcassets in Resources */,
			);
			runOnlyForDeploymentPostprocessing = 0;
		};
		EA9EA82F25DA89EF002FE23E /* Resources */ = {
			isa = PBXResourcesBuildPhase;
			buildActionMask = 2147483647;
			files = (
				EA9EA87925DAB42A002FE23E /* Assets.xcassets in Resources */,
				EA1A333E272D88A100B66EB0 /* InfoPlist.strings in Resources */,
			);
			runOnlyForDeploymentPostprocessing = 0;
		};
/* End PBXResourcesBuildPhase section */

/* Begin PBXShellScriptBuildPhase section */
		0DA79864DC80E2D7C6CC547D /* [CP] Embed Pods Frameworks */ = {
			isa = PBXShellScriptBuildPhase;
			buildActionMask = 2147483647;
			files = (
			);
			inputFileListPaths = (
				"${PODS_ROOT}/Target Support Files/Pods-AuthAppForTesla/Pods-AuthAppForTesla-frameworks-${CONFIGURATION}-input-files.xcfilelist",
			);
			name = "[CP] Embed Pods Frameworks";
			outputFileListPaths = (
				"${PODS_ROOT}/Target Support Files/Pods-AuthAppForTesla/Pods-AuthAppForTesla-frameworks-${CONFIGURATION}-output-files.xcfilelist",
			);
			runOnlyForDeploymentPostprocessing = 0;
			shellPath = /bin/sh;
			shellScript = "\"${PODS_ROOT}/Target Support Files/Pods-AuthAppForTesla/Pods-AuthAppForTesla-frameworks.sh\"\n";
			showEnvVarsInLog = 0;
		};
		0F231276C7E19C598F8EFED8 /* [CP] Check Pods Manifest.lock */ = {
			isa = PBXShellScriptBuildPhase;
			buildActionMask = 2147483647;
			files = (
			);
			inputFileListPaths = (
			);
			inputPaths = (
				"${PODS_PODFILE_DIR_PATH}/Podfile.lock",
				"${PODS_ROOT}/Manifest.lock",
			);
			name = "[CP] Check Pods Manifest.lock";
			outputFileListPaths = (
			);
			outputPaths = (
				"$(DERIVED_FILE_DIR)/Pods-AuthAppForTesla-checkManifestLockResult.txt",
			);
			runOnlyForDeploymentPostprocessing = 0;
			shellPath = /bin/sh;
			shellScript = "diff \"${PODS_PODFILE_DIR_PATH}/Podfile.lock\" \"${PODS_ROOT}/Manifest.lock\" > /dev/null\nif [ $? != 0 ] ; then\n    # print error to STDERR\n    echo \"error: The sandbox is not in sync with the Podfile.lock. Run 'pod install' or update your CocoaPods installation.\" >&2\n    exit 1\nfi\n# This output is used by Xcode 'outputs' to avoid re-running this script phase.\necho \"SUCCESS\" > \"${SCRIPT_OUTPUT_FILE_0}\"\n";
			showEnvVarsInLog = 0;
		};
		C421C267E72686515F5B3853 /* [CP] Check Pods Manifest.lock */ = {
			isa = PBXShellScriptBuildPhase;
			buildActionMask = 2147483647;
			files = (
			);
			inputFileListPaths = (
			);
			inputPaths = (
				"${PODS_PODFILE_DIR_PATH}/Podfile.lock",
				"${PODS_ROOT}/Manifest.lock",
			);
			name = "[CP] Check Pods Manifest.lock";
			outputFileListPaths = (
			);
			outputPaths = (
				"$(DERIVED_FILE_DIR)/Pods-TokenIntents-checkManifestLockResult.txt",
			);
			runOnlyForDeploymentPostprocessing = 0;
			shellPath = /bin/sh;
			shellScript = "diff \"${PODS_PODFILE_DIR_PATH}/Podfile.lock\" \"${PODS_ROOT}/Manifest.lock\" > /dev/null\nif [ $? != 0 ] ; then\n    # print error to STDERR\n    echo \"error: The sandbox is not in sync with the Podfile.lock. Run 'pod install' or update your CocoaPods installation.\" >&2\n    exit 1\nfi\n# This output is used by Xcode 'outputs' to avoid re-running this script phase.\necho \"SUCCESS\" > \"${SCRIPT_OUTPUT_FILE_0}\"\n";
			showEnvVarsInLog = 0;
		};
/* End PBXShellScriptBuildPhase section */

/* Begin PBXSourcesBuildPhase section */
		EA1A335D272D999B00B66EB0 /* Sources */ = {
			isa = PBXSourcesBuildPhase;
			buildActionMask = 2147483647;
			files = (
				EA1A3366272D999B00B66EB0 /* AuthAppForTeslaUITestsLaunchTests.swift in Sources */,
				EA1A3364272D999B00B66EB0 /* AuthAppForTeslaUITests.swift in Sources */,
				EA1A336C272D99D200B66EB0 /* SnapshotHelper.swift in Sources */,
			);
			runOnlyForDeploymentPostprocessing = 0;
		};
		EA63696A25CAB11D000216BF /* Sources */ = {
			isa = PBXSourcesBuildPhase;
			buildActionMask = 2147483647;
			files = (
				EA6D588625DDA02A007EC2B7 /* ViewControllerBridge.swift in Sources */,
				20F8775A25E2DA4300953E51 /* HomeViewToken.swift in Sources */,
				20CDC55725E1D11600E895C8 /* AboutView.swift in Sources */,
				EA6369A725CAD79D000216BF /* AuthViewModel.swift in Sources */,
				EA9EA87325DAAF25002FE23E /* AuthController.swift in Sources */,
				EA63699F25CABA68000216BF /* KeychainWrapper.swift in Sources */,
				EA63697425CAB11D000216BF /* ContentView.swift in Sources */,
				EA1A3343272D8DED00B66EB0 /* Intents.intentdefinition in Sources */,
				20CDC54725E1B52500E895C8 /* IconBackgroundView.swift in Sources */,
				20F8775F25E2F67800953E51 /* LicenseView.swift in Sources */,
				20CDC54D25E1C27E00E895C8 /* SetupViewSignIn.swift in Sources */,
				EA63698C25CAB620000216BF /* Consts.swift in Sources */,
				20F8775825E2D9DA00953E51 /* HomeViewHeader.swift in Sources */,
				20CDC54B25E1C21C00E895C8 /* SetupViewFooter.swift in Sources */,
				EA63698F25CAB660000216BF /* Util.swift in Sources */,
				20CDC55A25E1D13600E895C8 /* AboutViewHeader.swift in Sources */,
				20CDC55E25E1D3B800E895C8 /* AboutViewFriend.swift in Sources */,
				20F8776125E2F73800953E51 /* LicenseViewEntry.swift in Sources */,
				20F8775C25E2DA5300953E51 /* HomeViewRefreshToken.swift in Sources */,
				20CDC55425E1CC0A00E895C8 /* HomeView.swift in Sources */,
				EA63699225CAB6A8000216BF /* Models.swift in Sources */,
				EA63697225CAB11D000216BF /* AuthAppForTeslaApp.swift in Sources */,
				EA63699E25CABA68000216BF /* KeychainItemAccessibility.swift in Sources */,
				20007B9B25E15E6B00958060 /* SetupView.swift in Sources */,
				20CDC54925E1C1AB00E895C8 /* SetupViewHeader.swift in Sources */,
				EA63698925CAB3EF000216BF /* AuthWebViewController.swift in Sources */,
				20CDC55C25E1D26700E895C8 /* AboutViewFooter.swift in Sources */,
			);
			runOnlyForDeploymentPostprocessing = 0;
		};
		EA9EA82D25DA89EF002FE23E /* Sources */ = {
			isa = PBXSourcesBuildPhase;
			buildActionMask = 2147483647;
			files = (
				EA9EA85825DA8F8B002FE23E /* AuthViewModel.swift in Sources */,
				EA9EA86A25DA9044002FE23E /* Util.swift in Sources */,
				EA9EA88825DAB808002FE23E /* GetRefreshTokenIntentHandler.swift in Sources */,
				EA9EA86925DA9044002FE23E /* Consts.swift in Sources */,
				EA1A3344272D8DED00B66EB0 /* Intents.intentdefinition in Sources */,
				EA30D58A26092DB800B21DE1 /* RefreshTokensIntentHandler.swift in Sources */,
				EA8B560727041EF30000C325 /* GetOwnersAccessTokenIntentHandler.swift in Sources */,
				EA9EA84B25DA8B1B002FE23E /* GetAccessTokenIntentHandler.swift in Sources */,
				EA9EA86525DA9038002FE23E /* KeychainWrapper.swift in Sources */,
				EA9EA83625DA89EF002FE23E /* IntentHandler.swift in Sources */,
				EA9EA87025DAAF24002FE23E /* AuthController.swift in Sources */,
				EA9EA86625DA9038002FE23E /* KeychainItemAccessibility.swift in Sources */,
				EA9EA86225DA9022002FE23E /* Models.swift in Sources */,
			);
			runOnlyForDeploymentPostprocessing = 0;
		};
/* End PBXSourcesBuildPhase section */

/* Begin PBXTargetDependency section */
		EA1A3368272D999B00B66EB0 /* PBXTargetDependency */ = {
			isa = PBXTargetDependency;
			target = EA63696D25CAB11D000216BF /* AuthAppForTesla */;
			targetProxy = EA1A3367272D999B00B66EB0 /* PBXContainerItemProxy */;
		};
		EA9EA83925DA89EF002FE23E /* PBXTargetDependency */ = {
			isa = PBXTargetDependency;
			target = EA9EA83025DA89EF002FE23E /* TokenIntents */;
			targetProxy = EA9EA83825DA89EF002FE23E /* PBXContainerItemProxy */;
		};
/* End PBXTargetDependency section */

/* Begin PBXVariantGroup section */
		EA1A3340272D88A100B66EB0 /* InfoPlist.strings */ = {
			isa = PBXVariantGroup;
			children = (
				EA1A333F272D88A100B66EB0 /* en */,
			);
			name = InfoPlist.strings;
			sourceTree = "<group>";
		};
		EA1A3346272D8DED00B66EB0 /* Intents.intentdefinition */ = {
			isa = PBXVariantGroup;
			children = (
				EA1A3345272D8DED00B66EB0 /* Base */,
			);
			name = Intents.intentdefinition;
			sourceTree = "<group>";
		};
/* End PBXVariantGroup section */

/* Begin XCBuildConfiguration section */
		EA1A336A272D999B00B66EB0 /* Debug */ = {
			isa = XCBuildConfiguration;
			buildSettings = {
				CLANG_CXX_LANGUAGE_STANDARD = "gnu++17";
				CODE_SIGN_STYLE = Automatic;
				CURRENT_PROJECT_VERSION = 1;
				DEVELOPMENT_TEAM = R8S8D227CC;
				GENERATE_INFOPLIST_FILE = YES;
				IPHONEOS_DEPLOYMENT_TARGET = 15.0;
				LD_RUNPATH_SEARCH_PATHS = (
					"$(inherited)",
					"@executable_path/Frameworks",
					"@loader_path/Frameworks",
				);
				MARKETING_VERSION = 1.0;
				PRODUCT_BUNDLE_IDENTIFIER = dk.kimhansen.AuthAppForTeslaUITests;
				PRODUCT_NAME = "$(TARGET_NAME)";
				SWIFT_EMIT_LOC_STRINGS = NO;
				SWIFT_VERSION = 5.0;
				TARGETED_DEVICE_FAMILY = "1,2";
				TEST_TARGET_NAME = AuthAppForTesla;
			};
			name = Debug;
		};
		EA1A336B272D999B00B66EB0 /* Release */ = {
			isa = XCBuildConfiguration;
			buildSettings = {
				CLANG_CXX_LANGUAGE_STANDARD = "gnu++17";
				CODE_SIGN_STYLE = Automatic;
				CURRENT_PROJECT_VERSION = 1;
				DEVELOPMENT_TEAM = R8S8D227CC;
				GENERATE_INFOPLIST_FILE = YES;
				IPHONEOS_DEPLOYMENT_TARGET = 15.0;
				LD_RUNPATH_SEARCH_PATHS = (
					"$(inherited)",
					"@executable_path/Frameworks",
					"@loader_path/Frameworks",
				);
				MARKETING_VERSION = 1.0;
				PRODUCT_BUNDLE_IDENTIFIER = dk.kimhansen.AuthAppForTeslaUITests;
				PRODUCT_NAME = "$(TARGET_NAME)";
				SWIFT_EMIT_LOC_STRINGS = NO;
				SWIFT_VERSION = 5.0;
				TARGETED_DEVICE_FAMILY = "1,2";
				TEST_TARGET_NAME = AuthAppForTesla;
			};
			name = Release;
		};
		EA63697B25CAB11D000216BF /* Debug */ = {
			isa = XCBuildConfiguration;
			buildSettings = {
				ALWAYS_SEARCH_USER_PATHS = NO;
				CLANG_ANALYZER_NONNULL = YES;
				CLANG_ANALYZER_NUMBER_OBJECT_CONVERSION = YES_AGGRESSIVE;
				CLANG_CXX_LANGUAGE_STANDARD = "gnu++14";
				CLANG_CXX_LIBRARY = "libc++";
				CLANG_ENABLE_MODULES = YES;
				CLANG_ENABLE_OBJC_ARC = YES;
				CLANG_ENABLE_OBJC_WEAK = YES;
				CLANG_WARN_BLOCK_CAPTURE_AUTORELEASING = YES;
				CLANG_WARN_BOOL_CONVERSION = YES;
				CLANG_WARN_COMMA = YES;
				CLANG_WARN_CONSTANT_CONVERSION = YES;
				CLANG_WARN_DEPRECATED_OBJC_IMPLEMENTATIONS = YES;
				CLANG_WARN_DIRECT_OBJC_ISA_USAGE = YES_ERROR;
				CLANG_WARN_DOCUMENTATION_COMMENTS = YES;
				CLANG_WARN_EMPTY_BODY = YES;
				CLANG_WARN_ENUM_CONVERSION = YES;
				CLANG_WARN_INFINITE_RECURSION = YES;
				CLANG_WARN_INT_CONVERSION = YES;
				CLANG_WARN_NON_LITERAL_NULL_CONVERSION = YES;
				CLANG_WARN_OBJC_IMPLICIT_RETAIN_SELF = YES;
				CLANG_WARN_OBJC_LITERAL_CONVERSION = YES;
				CLANG_WARN_OBJC_ROOT_CLASS = YES_ERROR;
				CLANG_WARN_QUOTED_INCLUDE_IN_FRAMEWORK_HEADER = YES;
				CLANG_WARN_RANGE_LOOP_ANALYSIS = YES;
				CLANG_WARN_STRICT_PROTOTYPES = YES;
				CLANG_WARN_SUSPICIOUS_MOVE = YES;
				CLANG_WARN_UNGUARDED_AVAILABILITY = YES_AGGRESSIVE;
				CLANG_WARN_UNREACHABLE_CODE = YES;
				CLANG_WARN__DUPLICATE_METHOD_MATCH = YES;
				COPY_PHASE_STRIP = NO;
				DEBUG_INFORMATION_FORMAT = dwarf;
				ENABLE_STRICT_OBJC_MSGSEND = YES;
				ENABLE_TESTABILITY = YES;
				GCC_C_LANGUAGE_STANDARD = gnu11;
				GCC_DYNAMIC_NO_PIC = NO;
				GCC_NO_COMMON_BLOCKS = YES;
				GCC_OPTIMIZATION_LEVEL = 0;
				GCC_PREPROCESSOR_DEFINITIONS = (
					"DEBUG=1",
					"$(inherited)",
				);
				GCC_WARN_64_TO_32_BIT_CONVERSION = YES;
				GCC_WARN_ABOUT_RETURN_TYPE = YES_ERROR;
				GCC_WARN_UNDECLARED_SELECTOR = YES;
				GCC_WARN_UNINITIALIZED_AUTOS = YES_AGGRESSIVE;
				GCC_WARN_UNUSED_FUNCTION = YES;
				GCC_WARN_UNUSED_VARIABLE = YES;
				IPHONEOS_DEPLOYMENT_TARGET = 14.4;
				MTL_ENABLE_DEBUG_INFO = INCLUDE_SOURCE;
				MTL_FAST_MATH = YES;
				ONLY_ACTIVE_ARCH = YES;
				SDKROOT = iphoneos;
				SWIFT_ACTIVE_COMPILATION_CONDITIONS = DEBUG;
				SWIFT_OPTIMIZATION_LEVEL = "-Onone";
			};
			name = Debug;
		};
		EA63697C25CAB11D000216BF /* Release */ = {
			isa = XCBuildConfiguration;
			buildSettings = {
				ALWAYS_SEARCH_USER_PATHS = NO;
				CLANG_ANALYZER_NONNULL = YES;
				CLANG_ANALYZER_NUMBER_OBJECT_CONVERSION = YES_AGGRESSIVE;
				CLANG_CXX_LANGUAGE_STANDARD = "gnu++14";
				CLANG_CXX_LIBRARY = "libc++";
				CLANG_ENABLE_MODULES = YES;
				CLANG_ENABLE_OBJC_ARC = YES;
				CLANG_ENABLE_OBJC_WEAK = YES;
				CLANG_WARN_BLOCK_CAPTURE_AUTORELEASING = YES;
				CLANG_WARN_BOOL_CONVERSION = YES;
				CLANG_WARN_COMMA = YES;
				CLANG_WARN_CONSTANT_CONVERSION = YES;
				CLANG_WARN_DEPRECATED_OBJC_IMPLEMENTATIONS = YES;
				CLANG_WARN_DIRECT_OBJC_ISA_USAGE = YES_ERROR;
				CLANG_WARN_DOCUMENTATION_COMMENTS = YES;
				CLANG_WARN_EMPTY_BODY = YES;
				CLANG_WARN_ENUM_CONVERSION = YES;
				CLANG_WARN_INFINITE_RECURSION = YES;
				CLANG_WARN_INT_CONVERSION = YES;
				CLANG_WARN_NON_LITERAL_NULL_CONVERSION = YES;
				CLANG_WARN_OBJC_IMPLICIT_RETAIN_SELF = YES;
				CLANG_WARN_OBJC_LITERAL_CONVERSION = YES;
				CLANG_WARN_OBJC_ROOT_CLASS = YES_ERROR;
				CLANG_WARN_QUOTED_INCLUDE_IN_FRAMEWORK_HEADER = YES;
				CLANG_WARN_RANGE_LOOP_ANALYSIS = YES;
				CLANG_WARN_STRICT_PROTOTYPES = YES;
				CLANG_WARN_SUSPICIOUS_MOVE = YES;
				CLANG_WARN_UNGUARDED_AVAILABILITY = YES_AGGRESSIVE;
				CLANG_WARN_UNREACHABLE_CODE = YES;
				CLANG_WARN__DUPLICATE_METHOD_MATCH = YES;
				COPY_PHASE_STRIP = NO;
				DEBUG_INFORMATION_FORMAT = "dwarf-with-dsym";
				ENABLE_NS_ASSERTIONS = NO;
				ENABLE_STRICT_OBJC_MSGSEND = YES;
				GCC_C_LANGUAGE_STANDARD = gnu11;
				GCC_NO_COMMON_BLOCKS = YES;
				GCC_WARN_64_TO_32_BIT_CONVERSION = YES;
				GCC_WARN_ABOUT_RETURN_TYPE = YES_ERROR;
				GCC_WARN_UNDECLARED_SELECTOR = YES;
				GCC_WARN_UNINITIALIZED_AUTOS = YES_AGGRESSIVE;
				GCC_WARN_UNUSED_FUNCTION = YES;
				GCC_WARN_UNUSED_VARIABLE = YES;
				IPHONEOS_DEPLOYMENT_TARGET = 14.4;
				MTL_ENABLE_DEBUG_INFO = NO;
				MTL_FAST_MATH = YES;
				SDKROOT = iphoneos;
				SWIFT_COMPILATION_MODE = wholemodule;
				SWIFT_OPTIMIZATION_LEVEL = "-O";
				VALIDATE_PRODUCT = YES;
			};
			name = Release;
		};
		EA63697E25CAB11D000216BF /* Debug */ = {
			isa = XCBuildConfiguration;
			baseConfigurationReference = 77149D1A1E06D0C37B8DC9E7 /* Pods-AuthAppForTesla.debug.xcconfig */;
			buildSettings = {
				ALWAYS_EMBED_SWIFT_STANDARD_LIBRARIES = YES;
				ASSETCATALOG_COMPILER_APPICON_NAME = AppIcon;
				ASSETCATALOG_COMPILER_GLOBAL_ACCENT_COLOR_NAME = GlobalAccentColor;
				CODE_SIGN_ENTITLEMENTS = AuthAppForTesla/AuthAppForTesla.entitlements;
				CODE_SIGN_STYLE = Automatic;
				CURRENT_PROJECT_VERSION = 34;
				DEVELOPMENT_ASSET_PATHS = "\"AuthAppForTesla/Preview Content\"";
				DEVELOPMENT_TEAM = R8S8D227CC;
				ENABLE_PREVIEWS = YES;
				INFOPLIST_FILE = AuthAppForTesla/Info.plist;
				IPHONEOS_DEPLOYMENT_TARGET = 14.0;
				LD_RUNPATH_SEARCH_PATHS = (
					"$(inherited)",
					"@executable_path/Frameworks",
				);
				MARKETING_VERSION = 1.0.7;
				PRODUCT_BUNDLE_IDENTIFIER = dk.kimhansen.AuthAppForTesla;
				PRODUCT_NAME = "$(TARGET_NAME)";
				SUPPORTS_MACCATALYST = YES;
				SWIFT_VERSION = 5.0;
				TARGETED_DEVICE_FAMILY = "1,2";
			};
			name = Debug;
		};
		EA63697F25CAB11D000216BF /* Release */ = {
			isa = XCBuildConfiguration;
			baseConfigurationReference = 183181C9830E9DD876915C1B /* Pods-AuthAppForTesla.release.xcconfig */;
			buildSettings = {
				ALWAYS_EMBED_SWIFT_STANDARD_LIBRARIES = YES;
				ASSETCATALOG_COMPILER_APPICON_NAME = AppIcon;
				ASSETCATALOG_COMPILER_GLOBAL_ACCENT_COLOR_NAME = GlobalAccentColor;
				CODE_SIGN_ENTITLEMENTS = AuthAppForTesla/AuthAppForTesla.entitlements;
				CODE_SIGN_STYLE = Automatic;
				CURRENT_PROJECT_VERSION = 34;
				DEVELOPMENT_ASSET_PATHS = "\"AuthAppForTesla/Preview Content\"";
				DEVELOPMENT_TEAM = R8S8D227CC;
				ENABLE_PREVIEWS = YES;
				INFOPLIST_FILE = AuthAppForTesla/Info.plist;
				IPHONEOS_DEPLOYMENT_TARGET = 14.0;
				LD_RUNPATH_SEARCH_PATHS = (
					"$(inherited)",
					"@executable_path/Frameworks",
				);
				MARKETING_VERSION = 1.0.7;
				PRODUCT_BUNDLE_IDENTIFIER = dk.kimhansen.AuthAppForTesla;
				PRODUCT_NAME = "$(TARGET_NAME)";
				SUPPORTS_MACCATALYST = YES;
				SWIFT_VERSION = 5.0;
				TARGETED_DEVICE_FAMILY = "1,2";
			};
			name = Release;
		};
		EA9EA83C25DA89EF002FE23E /* Debug */ = {
			isa = XCBuildConfiguration;
			baseConfigurationReference = F2C93B02C29A2E49A50DBB5A /* Pods-TokenIntents.debug.xcconfig */;
			buildSettings = {
				CODE_SIGN_ENTITLEMENTS = TokenIntents/TokenIntents.entitlements;
				CODE_SIGN_STYLE = Automatic;
				CURRENT_PROJECT_VERSION = 34;
				DEVELOPMENT_TEAM = R8S8D227CC;
				INFOPLIST_FILE = TokenIntents/Info.plist;
				LD_RUNPATH_SEARCH_PATHS = (
					"$(inherited)",
					"@executable_path/Frameworks",
					"@executable_path/../../Frameworks",
				);
				MARKETING_VERSION = 1.0.7;
				PRODUCT_BUNDLE_IDENTIFIER = dk.kimhansen.AuthAppForTesla.TokenIntents;
				PRODUCT_NAME = "$(TARGET_NAME)";
				SKIP_INSTALL = YES;
				SUPPORTS_MACCATALYST = YES;
				SWIFT_VERSION = 5.0;
				TARGETED_DEVICE_FAMILY = "1,2";
			};
			name = Debug;
		};
		EA9EA83D25DA89EF002FE23E /* Release */ = {
			isa = XCBuildConfiguration;
			baseConfigurationReference = B6BD1E65FD59B4291829C916 /* Pods-TokenIntents.release.xcconfig */;
			buildSettings = {
				CODE_SIGN_ENTITLEMENTS = TokenIntents/TokenIntents.entitlements;
				CODE_SIGN_STYLE = Automatic;
				CURRENT_PROJECT_VERSION = 34;
				DEVELOPMENT_TEAM = R8S8D227CC;
				INFOPLIST_FILE = TokenIntents/Info.plist;
				LD_RUNPATH_SEARCH_PATHS = (
					"$(inherited)",
					"@executable_path/Frameworks",
					"@executable_path/../../Frameworks",
				);
				MARKETING_VERSION = 1.0.7;
				PRODUCT_BUNDLE_IDENTIFIER = dk.kimhansen.AuthAppForTesla.TokenIntents;
				PRODUCT_NAME = "$(TARGET_NAME)";
				SKIP_INSTALL = YES;
				SUPPORTS_MACCATALYST = YES;
				SWIFT_VERSION = 5.0;
				TARGETED_DEVICE_FAMILY = "1,2";
			};
			name = Release;
		};
/* End XCBuildConfiguration section */

/* Begin XCConfigurationList section */
		EA1A3369272D999B00B66EB0 /* Build configuration list for PBXNativeTarget "AuthAppForTeslaUITests" */ = {
			isa = XCConfigurationList;
			buildConfigurations = (
				EA1A336A272D999B00B66EB0 /* Debug */,
				EA1A336B272D999B00B66EB0 /* Release */,
			);
			defaultConfigurationIsVisible = 0;
			defaultConfigurationName = Release;
		};
		EA63696925CAB11D000216BF /* Build configuration list for PBXProject "AuthAppForTesla" */ = {
			isa = XCConfigurationList;
			buildConfigurations = (
				EA63697B25CAB11D000216BF /* Debug */,
				EA63697C25CAB11D000216BF /* Release */,
			);
			defaultConfigurationIsVisible = 0;
			defaultConfigurationName = Release;
		};
		EA63697D25CAB11D000216BF /* Build configuration list for PBXNativeTarget "AuthAppForTesla" */ = {
			isa = XCConfigurationList;
			buildConfigurations = (
				EA63697E25CAB11D000216BF /* Debug */,
				EA63697F25CAB11D000216BF /* Release */,
			);
			defaultConfigurationIsVisible = 0;
			defaultConfigurationName = Release;
		};
		EA9EA83E25DA89EF002FE23E /* Build configuration list for PBXNativeTarget "TokenIntents" */ = {
			isa = XCConfigurationList;
			buildConfigurations = (
				EA9EA83C25DA89EF002FE23E /* Debug */,
				EA9EA83D25DA89EF002FE23E /* Release */,
			);
			defaultConfigurationIsVisible = 0;
			defaultConfigurationName = Release;
		};
/* End XCConfigurationList section */
	};
	rootObject = EA63696625CAB11D000216BF /* Project object */;
}
